
Microsoft Visual Studio Solution File, Format Version 12.00
# Visual Studio 2013
VisualStudioVersion = 12.0.30723.0
MinimumVisualStudioVersion = 10.0.40219.1
Project("{FAE04EC0-301F-11D3-BF4B-00C04F79EFBC}") = "WinFormUtility", "WinFormUtility\WinFormUtility.csproj", "{3F15C5A6-086D-45DD-B3CE-ADA5E05D5DAC}"
EndProject
Project("{FAE04EC0-301F-11D3-BF4B-00C04F79EFBC}") = "GenericUtility", "GenericUtility\GenericUtility.csproj", "{C54F5241-1323-45F7-A891-E0018A690311}"
EndProject
Global
	GlobalSection(SolutionConfigurationPlatforms) = preSolution
		Debug|Any CPU = Debug|Any CPU
		Release|Any CPU = Release|Any CPU
	EndGlobalSection
	GlobalSection(ProjectConfigurationPlatforms) = postSolution
		{3F15C5A6-086D-45DD-B3CE-ADA5E05D5DAC}.Debug|Any CPU.ActiveCfg = Debug|Any CPU
		{3F15C5A6-086D-45DD-B3CE-ADA5E05D5DAC}.Debug|Any CPU.Build.0 = Debug|Any CPU
		{3F15C5A6-086D-45DD-B3CE-ADA5E05D5DAC}.Release|Any CPU.ActiveCfg = Release|Any CPU
		{3F15C5A6-086D-45DD-B3CE-ADA5E05D5DAC}.Release|Any CPU.Build.0 = Release|Any CPU
		{C54F5241-1323-45F7-A891-E0018A690311}.Debug|Any CPU.ActiveCfg = Debug|Any CPU
		{C54F5241-1323-45F7-A891-E0018A690311}.Debug|Any CPU.Build.0 = Debug|Any CPU
		{C54F5241-1323-45F7-A891-E0018A690311}.Release|Any CPU.ActiveCfg = Release|Any CPU
		{C54F5241-1323-45F7-A891-E0018A690311}.Release|Any CPU.Build.0 = Release|Any CPU
	EndGlobalSection
	GlobalSection(SolutionProperties) = preSolution
		HideSolutionNode = FALSE
	EndGlobalSection
EndGlobal
